
Microsoft Visual Studio Solution File, Format Version 12.00
# Visual Studio Version 17
VisualStudioVersion = 17.11.35222.181
MinimumVisualStudioVersion = 10.0.40219.1
Project("{FAE04EC0-301F-11D3-BF4B-00C04F79EFBC}") = "RoadShow.API", "RoadShow.API.csproj", "{4A460D8D-59E4-4DA5-9328-F4432FDC59A5}"
EndProject
Global
	GlobalSection(SolutionConfigurationPlatforms) = preSolution
		Debug|Any CPU = Debug|Any CPU
		Release|Any CPU = Release|Any CPU
	EndGlobalSection
	GlobalSection(ProjectConfigurationPlatforms) = postSolution
		{4A460D8D-59E4-4DA5-9328-F4432FDC59A5}.Debug|Any CPU.ActiveCfg = Debug|Any CPU
		{4A460D8D-59E4-4DA5-9328-F4432FDC59A5}.Debug|Any CPU.Build.0 = Debug|Any CPU
		{4A460D8D-59E4-4DA5-9328-F4432FDC59A5}.Release|Any CPU.ActiveCfg = Release|Any CPU
		{4A460D8D-59E4-4DA5-9328-F4432FDC59A5}.Release|Any CPU.Build.0 = Release|Any CPU
	EndGlobalSection
	GlobalSection(SolutionProperties) = preSolution
		HideSolutionNode = FALSE
	EndGlobalSection
	GlobalSection(ExtensibilityGlobals) = postSolution
		SolutionGuid = {A1933922-B038-4D64-9D76-54223C77C5D0}
	EndGlobalSection
EndGlobal
